// !$*UTF8*$!
{
	archiveVersion = 1;
	classes = {
	};
	objectVersion = 55;
	objects = {

/* Begin PBXBuildFile section */
		0241787B50B430F765FCEF2C /* Pods_Tipsy_tellerTests.framework in Frameworks */ = {isa = PBXBuildFile; fileRef = 71355248267D28619C6FC720 /* Pods_Tipsy_tellerTests.framework */; };
		B43D00B39DD844AD264AA641 /* Pods_Tipsy_teller.framework in Frameworks */ = {isa = PBXBuildFile; fileRef = DF020ACC02312CF1D35F50A0 /* Pods_Tipsy_teller.framework */; };
		EC1B122A2799ED290057D162 /* LaunchScreen.storyboard in Resources */ = {isa = PBXBuildFile; fileRef = EC1B12282799ED290057D162 /* LaunchScreen.storyboard */; };
		EC1B12352799ED2A0057D162 /* Tipsy_tellerTests.swift in Sources */ = {isa = PBXBuildFile; fileRef = EC1B12342799ED2A0057D162 /* Tipsy_tellerTests.swift */; };
		EC1B123F2799ED2A0057D162 /* Tipsy_tellerUITests.swift in Sources */ = {isa = PBXBuildFile; fileRef = EC1B123E2799ED2A0057D162 /* Tipsy_tellerUITests.swift */; };
		EC1B12412799ED2A0057D162 /* Tipsy_tellerUITestsLaunchTests.swift in Sources */ = {isa = PBXBuildFile; fileRef = EC1B12402799ED2A0057D162 /* Tipsy_tellerUITestsLaunchTests.swift */; };
		EC1B12542799EE4D0057D162 /* Assets.xcassets in Resources */ = {isa = PBXBuildFile; fileRef = EC1B124F2799EE4D0057D162 /* Assets.xcassets */; };
		EC1B125D2799EF060057D162 /* DrinkViewController.swift in Sources */ = {isa = PBXBuildFile; fileRef = EC1B12592799EF060057D162 /* DrinkViewController.swift */; };
		EC1B125E2799EF060057D162 /* ViewController.swift in Sources */ = {isa = PBXBuildFile; fileRef = EC1B125A2799EF060057D162 /* ViewController.swift */; };
		EC1B125F2799EF060057D162 /* SceneDelegate.swift in Sources */ = {isa = PBXBuildFile; fileRef = EC1B125B2799EF060057D162 /* SceneDelegate.swift */; };
		EC1B12602799EF060057D162 /* AppDelegate.swift in Sources */ = {isa = PBXBuildFile; fileRef = EC1B125C2799EF060057D162 /* AppDelegate.swift */; };
		EC1B12622799F10D0057D162 /* Main.storyboard in Resources */ = {isa = PBXBuildFile; fileRef = EC1B12612799F10D0057D162 /* Main.storyboard */; };
		F77A99462282B69C39F7F77B /* Pods_Tipsy_teller_Tipsy_tellerUITests.framework in Frameworks */ = {isa = PBXBuildFile; fileRef = 2F2E028DA7AD014505B396B8 /* Pods_Tipsy_teller_Tipsy_tellerUITests.framework */; };
/* End PBXBuildFile section */

/* Begin PBXContainerItemProxy section */
		EC1B12312799ED2A0057D162 /* PBXContainerItemProxy */ = {
			isa = PBXContainerItemProxy;
			containerPortal = EC1B12122799ED260057D162 /* Project object */;
			proxyType = 1;
			remoteGlobalIDString = EC1B12192799ED260057D162;
			remoteInfo = Tipsy_teller;
		};
		EC1B123B2799ED2A0057D162 /* PBXContainerItemProxy */ = {
			isa = PBXContainerItemProxy;
			containerPortal = EC1B12122799ED260057D162 /* Project object */;
			proxyType = 1;
			remoteGlobalIDString = EC1B12192799ED260057D162;
			remoteInfo = Tipsy_teller;
		};
/* End PBXContainerItemProxy section */

/* Begin PBXFileReference section */
		00DFC21942F2EAC8965A97D7 /* Pods-Tipsy_tellerTests.release.xcconfig */ = {isa = PBXFileReference; includeInIndex = 1; lastKnownFileType = text.xcconfig; name = "Pods-Tipsy_tellerTests.release.xcconfig"; path = "Target Support Files/Pods-Tipsy_tellerTests/Pods-Tipsy_tellerTests.release.xcconfig"; sourceTree = "<group>"; };
		0F6359CC7509AFF6B1E129CA /* Pods-Tipsy_teller-Tipsy_tellerUITests.debug.xcconfig */ = {isa = PBXFileReference; includeInIndex = 1; lastKnownFileType = text.xcconfig; name = "Pods-Tipsy_teller-Tipsy_tellerUITests.debug.xcconfig"; path = "Target Support Files/Pods-Tipsy_teller-Tipsy_tellerUITests/Pods-Tipsy_teller-Tipsy_tellerUITests.debug.xcconfig"; sourceTree = "<group>"; };
		20206E0E0A18B3553741A122 /* Pods-Tipsy_teller.debug.xcconfig */ = {isa = PBXFileReference; includeInIndex = 1; lastKnownFileType = text.xcconfig; name = "Pods-Tipsy_teller.debug.xcconfig"; path = "Target Support Files/Pods-Tipsy_teller/Pods-Tipsy_teller.debug.xcconfig"; sourceTree = "<group>"; };
		2F2E028DA7AD014505B396B8 /* Pods_Tipsy_teller_Tipsy_tellerUITests.framework */ = {isa = PBXFileReference; explicitFileType = wrapper.framework; includeInIndex = 0; path = Pods_Tipsy_teller_Tipsy_tellerUITests.framework; sourceTree = BUILT_PRODUCTS_DIR; };
		47354768C427A44655D86353 /* Pods-Tipsy_teller-Tipsy_tellerUITests.release.xcconfig */ = {isa = PBXFileReference; includeInIndex = 1; lastKnownFileType = text.xcconfig; name = "Pods-Tipsy_teller-Tipsy_tellerUITests.release.xcconfig"; path = "Target Support Files/Pods-Tipsy_teller-Tipsy_tellerUITests/Pods-Tipsy_teller-Tipsy_tellerUITests.release.xcconfig"; sourceTree = "<group>"; };
		63980AF201E2C548CBA7D9B9 /* Pods-Tipsy_teller.release.xcconfig */ = {isa = PBXFileReference; includeInIndex = 1; lastKnownFileType = text.xcconfig; name = "Pods-Tipsy_teller.release.xcconfig"; path = "Target Support Files/Pods-Tipsy_teller/Pods-Tipsy_teller.release.xcconfig"; sourceTree = "<group>"; };
		70696E6EDAE8C626861ACFB5 /* Pods-Tipsy_tellerTests.debug.xcconfig */ = {isa = PBXFileReference; includeInIndex = 1; lastKnownFileType = text.xcconfig; name = "Pods-Tipsy_tellerTests.debug.xcconfig"; path = "Target Support Files/Pods-Tipsy_tellerTests/Pods-Tipsy_tellerTests.debug.xcconfig"; sourceTree = "<group>"; };
		71355248267D28619C6FC720 /* Pods_Tipsy_tellerTests.framework */ = {isa = PBXFileReference; explicitFileType = wrapper.framework; includeInIndex = 0; path = Pods_Tipsy_tellerTests.framework; sourceTree = BUILT_PRODUCTS_DIR; };
		DF020ACC02312CF1D35F50A0 /* Pods_Tipsy_teller.framework */ = {isa = PBXFileReference; explicitFileType = wrapper.framework; includeInIndex = 0; path = Pods_Tipsy_teller.framework; sourceTree = BUILT_PRODUCTS_DIR; };
		EC1B121A2799ED260057D162 /* Tipsy_teller.app */ = {isa = PBXFileReference; explicitFileType = wrapper.application; includeInIndex = 0; path = Tipsy_teller.app; sourceTree = BUILT_PRODUCTS_DIR; };
		EC1B12292799ED290057D162 /* Base */ = {isa = PBXFileReference; lastKnownFileType = file.storyboard; name = Base; path = Base.lproj/LaunchScreen.storyboard; sourceTree = "<group>"; };
		EC1B122B2799ED290057D162 /* Info.plist */ = {isa = PBXFileReference; lastKnownFileType = text.plist.xml; path = Info.plist; sourceTree = "<group>"; };
		EC1B12302799ED2A0057D162 /* Tipsy_tellerTests.xctest */ = {isa = PBXFileReference; explicitFileType = wrapper.cfbundle; includeInIndex = 0; path = Tipsy_tellerTests.xctest; sourceTree = BUILT_PRODUCTS_DIR; };
		EC1B12342799ED2A0057D162 /* Tipsy_tellerTests.swift */ = {isa = PBXFileReference; lastKnownFileType = sourcecode.swift; path = Tipsy_tellerTests.swift; sourceTree = "<group>"; };
		EC1B123A2799ED2A0057D162 /* Tipsy_tellerUITests.xctest */ = {isa = PBXFileReference; explicitFileType = wrapper.cfbundle; includeInIndex = 0; path = Tipsy_tellerUITests.xctest; sourceTree = BUILT_PRODUCTS_DIR; };
		EC1B123E2799ED2A0057D162 /* Tipsy_tellerUITests.swift */ = {isa = PBXFileReference; lastKnownFileType = sourcecode.swift; path = Tipsy_tellerUITests.swift; sourceTree = "<group>"; };
		EC1B12402799ED2A0057D162 /* Tipsy_tellerUITestsLaunchTests.swift */ = {isa = PBXFileReference; lastKnownFileType = sourcecode.swift; path = Tipsy_tellerUITestsLaunchTests.swift; sourceTree = "<group>"; };
		EC1B124F2799EE4D0057D162 /* Assets.xcassets */ = {isa = PBXFileReference; lastKnownFileType = folder.assetcatalog; name = Assets.xcassets; path = "../../Fall 2021/CSCI 480/Drink_tracker2/Drink_tracker2/Assets.xcassets"; sourceTree = "<group>"; };
		EC1B12592799EF060057D162 /* DrinkViewController.swift */ = {isa = PBXFileReference; fileEncoding = 4; lastKnownFileType = sourcecode.swift; path = DrinkViewController.swift; sourceTree = "<group>"; };
		EC1B125A2799EF060057D162 /* ViewController.swift */ = {isa = PBXFileReference; fileEncoding = 4; lastKnownFileType = sourcecode.swift; path = ViewController.swift; sourceTree = "<group>"; };
		EC1B125B2799EF060057D162 /* SceneDelegate.swift */ = {isa = PBXFileReference; fileEncoding = 4; lastKnownFileType = sourcecode.swift; path = SceneDelegate.swift; sourceTree = "<group>"; };
		EC1B125C2799EF060057D162 /* AppDelegate.swift */ = {isa = PBXFileReference; fileEncoding = 4; lastKnownFileType = sourcecode.swift; path = AppDelegate.swift; sourceTree = "<group>"; };
		EC1B12612799F10D0057D162 /* Main.storyboard */ = {isa = PBXFileReference; fileEncoding = 4; lastKnownFileType = file.storyboard; path = Main.storyboard; sourceTree = "<group>"; };
/* End PBXFileReference section */

/* Begin PBXFrameworksBuildPhase section */
		EC1B12172799ED260057D162 /* Frameworks */ = {
			isa = PBXFrameworksBuildPhase;
			buildActionMask = 2147483647;
			files = (
				B43D00B39DD844AD264AA641 /* Pods_Tipsy_teller.framework in Frameworks */,
			);
			runOnlyForDeploymentPostprocessing = 0;
		};
		EC1B122D2799ED2A0057D162 /* Frameworks */ = {
			isa = PBXFrameworksBuildPhase;
			buildActionMask = 2147483647;
			files = (
				0241787B50B430F765FCEF2C /* Pods_Tipsy_tellerTests.framework in Frameworks */,
			);
			runOnlyForDeploymentPostprocessing = 0;
		};
		EC1B12372799ED2A0057D162 /* Frameworks */ = {
			isa = PBXFrameworksBuildPhase;
			buildActionMask = 2147483647;
			files = (
				F77A99462282B69C39F7F77B /* Pods_Tipsy_teller_Tipsy_tellerUITests.framework in Frameworks */,
			);
			runOnlyForDeploymentPostprocessing = 0;
		};
/* End PBXFrameworksBuildPhase section */

/* Begin PBXGroup section */
		59240DD2ACF889D97D867472 /* Pods */ = {
			isa = PBXGroup;
			children = (
				20206E0E0A18B3553741A122 /* Pods-Tipsy_teller.debug.xcconfig */,
				63980AF201E2C548CBA7D9B9 /* Pods-Tipsy_teller.release.xcconfig */,
				0F6359CC7509AFF6B1E129CA /* Pods-Tipsy_teller-Tipsy_tellerUITests.debug.xcconfig */,
				47354768C427A44655D86353 /* Pods-Tipsy_teller-Tipsy_tellerUITests.release.xcconfig */,
				70696E6EDAE8C626861ACFB5 /* Pods-Tipsy_tellerTests.debug.xcconfig */,
				00DFC21942F2EAC8965A97D7 /* Pods-Tipsy_tellerTests.release.xcconfig */,
			);
			path = Pods;
			sourceTree = "<group>";
		};
		E9F4C9FB50DAA5B33D4FED46 /* Frameworks */ = {
			isa = PBXGroup;
			children = (
				DF020ACC02312CF1D35F50A0 /* Pods_Tipsy_teller.framework */,
				2F2E028DA7AD014505B396B8 /* Pods_Tipsy_teller_Tipsy_tellerUITests.framework */,
				71355248267D28619C6FC720 /* Pods_Tipsy_tellerTests.framework */,
			);
			name = Frameworks;
			sourceTree = "<group>";
		};
		EC1B12112799ED260057D162 = {
			isa = PBXGroup;
			children = (
				EC1B121C2799ED260057D162 /* Tipsy_teller */,
				EC1B12332799ED2A0057D162 /* Tipsy_tellerTests */,
				EC1B123D2799ED2A0057D162 /* Tipsy_tellerUITests */,
				EC1B121B2799ED260057D162 /* Products */,
				59240DD2ACF889D97D867472 /* Pods */,
				E9F4C9FB50DAA5B33D4FED46 /* Frameworks */,
			);
			sourceTree = "<group>";
		};
		EC1B121B2799ED260057D162 /* Products */ = {
			isa = PBXGroup;
			children = (
				EC1B121A2799ED260057D162 /* Tipsy_teller.app */,
				EC1B12302799ED2A0057D162 /* Tipsy_tellerTests.xctest */,
				EC1B123A2799ED2A0057D162 /* Tipsy_tellerUITests.xctest */,
			);
			name = Products;
			sourceTree = "<group>";
		};
		EC1B121C2799ED260057D162 /* Tipsy_teller */ = {
			isa = PBXGroup;
			children = (
				EC1B125C2799EF060057D162 /* AppDelegate.swift */,
				EC1B12592799EF060057D162 /* DrinkViewController.swift */,
				EC1B125B2799EF060057D162 /* SceneDelegate.swift */,
				EC1B125A2799EF060057D162 /* ViewController.swift */,
				EC1B124F2799EE4D0057D162 /* Assets.xcassets */,
				EC1B12282799ED290057D162 /* LaunchScreen.storyboard */,
				EC1B12612799F10D0057D162 /* Main.storyboard */,
				EC1B122B2799ED290057D162 /* Info.plist */,
			);
			path = Tipsy_teller;
			sourceTree = "<group>";
		};
		EC1B12332799ED2A0057D162 /* Tipsy_tellerTests */ = {
			isa = PBXGroup;
			children = (
				EC1B12342799ED2A0057D162 /* Tipsy_tellerTests.swift */,
			);
			path = Tipsy_tellerTests;
			sourceTree = "<group>";
		};
		EC1B123D2799ED2A0057D162 /* Tipsy_tellerUITests */ = {
			isa = PBXGroup;
			children = (
				EC1B123E2799ED2A0057D162 /* Tipsy_tellerUITests.swift */,
				EC1B12402799ED2A0057D162 /* Tipsy_tellerUITestsLaunchTests.swift */,
			);
			path = Tipsy_tellerUITests;
			sourceTree = "<group>";
		};
/* End PBXGroup section */

/* Begin PBXNativeTarget section */
		EC1B12192799ED260057D162 /* Tipsy_teller */ = {
			isa = PBXNativeTarget;
			buildConfigurationList = EC1B12442799ED2A0057D162 /* Build configuration list for PBXNativeTarget "Tipsy_teller" */;
			buildPhases = (
				B027B21AB99077B2860DB7EA /* [CP] Check Pods Manifest.lock */,
				EC1B12162799ED260057D162 /* Sources */,
				EC1B12172799ED260057D162 /* Frameworks */,
				EC1B12182799ED260057D162 /* Resources */,
				578252E60C833A07EB7CBAF5 /* [CP] Embed Pods Frameworks */,
			);
			buildRules = (
			);
			dependencies = (
			);
			name = Tipsy_teller;
			productName = Tipsy_teller;
			productReference = EC1B121A2799ED260057D162 /* Tipsy_teller.app */;
			productType = "com.apple.product-type.application";
		};
		EC1B122F2799ED2A0057D162 /* Tipsy_tellerTests */ = {
			isa = PBXNativeTarget;
			buildConfigurationList = EC1B12472799ED2A0057D162 /* Build configuration list for PBXNativeTarget "Tipsy_tellerTests" */;
			buildPhases = (
				79CB8EA2145BD7F3F3F97234 /* [CP] Check Pods Manifest.lock */,
				EC1B122C2799ED2A0057D162 /* Sources */,
				EC1B122D2799ED2A0057D162 /* Frameworks */,
				EC1B122E2799ED2A0057D162 /* Resources */,
				E8507EF5237199619B96D7F8 /* [CP] Embed Pods Frameworks */,
			);
			buildRules = (
			);
			dependencies = (
				EC1B12322799ED2A0057D162 /* PBXTargetDependency */,
			);
			name = Tipsy_tellerTests;
			productName = Tipsy_tellerTests;
			productReference = EC1B12302799ED2A0057D162 /* Tipsy_tellerTests.xctest */;
			productType = "com.apple.product-type.bundle.unit-test";
		};
		EC1B12392799ED2A0057D162 /* Tipsy_tellerUITests */ = {
			isa = PBXNativeTarget;
			buildConfigurationList = EC1B124A2799ED2A0057D162 /* Build configuration list for PBXNativeTarget "Tipsy_tellerUITests" */;
			buildPhases = (
				3C641F2D22BA166A04513DDB /* [CP] Check Pods Manifest.lock */,
				EC1B12362799ED2A0057D162 /* Sources */,
				EC1B12372799ED2A0057D162 /* Frameworks */,
				EC1B12382799ED2A0057D162 /* Resources */,
				D1AD359D8D584CB3763D3971 /* [CP] Embed Pods Frameworks */,
			);
			buildRules = (
			);
			dependencies = (
				EC1B123C2799ED2A0057D162 /* PBXTargetDependency */,
			);
			name = Tipsy_tellerUITests;
			productName = Tipsy_tellerUITests;
			productReference = EC1B123A2799ED2A0057D162 /* Tipsy_tellerUITests.xctest */;
			productType = "com.apple.product-type.bundle.ui-testing";
		};
/* End PBXNativeTarget section */

/* Begin PBXProject section */
		EC1B12122799ED260057D162 /* Project object */ = {
			isa = PBXProject;
			attributes = {
				BuildIndependentTargetsInParallel = 1;
				LastSwiftUpdateCheck = 1300;
				LastUpgradeCheck = 1300;
				TargetAttributes = {
					EC1B12192799ED260057D162 = {
						CreatedOnToolsVersion = 13.0;
						LastSwiftMigration = 1300;
					};
					EC1B122F2799ED2A0057D162 = {
						CreatedOnToolsVersion = 13.0;
						TestTargetID = EC1B12192799ED260057D162;
					};
					EC1B12392799ED2A0057D162 = {
						CreatedOnToolsVersion = 13.0;
						TestTargetID = EC1B12192799ED260057D162;
					};
				};
			};
			buildConfigurationList = EC1B12152799ED260057D162 /* Build configuration list for PBXProject "Tipsy_teller" */;
			compatibilityVersion = "Xcode 13.0";
			developmentRegion = en;
			hasScannedForEncodings = 0;
			knownRegions = (
				en,
				Base,
			);
			mainGroup = EC1B12112799ED260057D162;
			productRefGroup = EC1B121B2799ED260057D162 /* Products */;
			projectDirPath = "";
			projectRoot = "";
			targets = (
				EC1B12192799ED260057D162 /* Tipsy_teller */,
				EC1B122F2799ED2A0057D162 /* Tipsy_tellerTests */,
				EC1B12392799ED2A0057D162 /* Tipsy_tellerUITests */,
			);
		};
/* End PBXProject section */

/* Begin PBXResourcesBuildPhase section */
		EC1B12182799ED260057D162 /* Resources */ = {
			isa = PBXResourcesBuildPhase;
			buildActionMask = 2147483647;
			files = (
				EC1B12622799F10D0057D162 /* Main.storyboard in Resources */,
				EC1B122A2799ED290057D162 /* LaunchScreen.storyboard in Resources */,
				EC1B12542799EE4D0057D162 /* Assets.xcassets in Resources */,
			);
			runOnlyForDeploymentPostprocessing = 0;
		};
		EC1B122E2799ED2A0057D162 /* Resources */ = {
			isa = PBXResourcesBuildPhase;
			buildActionMask = 2147483647;
			files = (
			);
			runOnlyForDeploymentPostprocessing = 0;
		};
		EC1B12382799ED2A0057D162 /* Resources */ = {
			isa = PBXResourcesBuildPhase;
			buildActionMask = 2147483647;
			files = (
			);
			runOnlyForDeploymentPostprocessing = 0;
		};
/* End PBXResourcesBuildPhase section */

/* Begin PBXShellScriptBuildPhase section */
		3C641F2D22BA166A04513DDB /* [CP] Check Pods Manifest.lock */ = {
			isa = PBXShellScriptBuildPhase;
			buildActionMask = 2147483647;
			files = (
			);
			inputFileListPaths = (
			);
			inputPaths = (
				"${PODS_PODFILE_DIR_PATH}/Podfile.lock",
				"${PODS_ROOT}/Manifest.lock",
			);
			name = "[CP] Check Pods Manifest.lock";
			outputFileListPaths = (
			);
			outputPaths = (
				"$(DERIVED_FILE_DIR)/Pods-Tipsy_teller-Tipsy_tellerUITests-checkManifestLockResult.txt",
			);
			runOnlyForDeploymentPostprocessing = 0;
			shellPath = /bin/sh;
			shellScript = "diff \"${PODS_PODFILE_DIR_PATH}/Podfile.lock\" \"${PODS_ROOT}/Manifest.lock\" > /dev/null\nif [ $? != 0 ] ; then\n    # print error to STDERR\n    echo \"error: The sandbox is not in sync with the Podfile.lock. Run 'pod install' or update your CocoaPods installation.\" >&2\n    exit 1\nfi\n# This output is used by Xcode 'outputs' to avoid re-running this script phase.\necho \"SUCCESS\" > \"${SCRIPT_OUTPUT_FILE_0}\"\n";
			showEnvVarsInLog = 0;
		};
		578252E60C833A07EB7CBAF5 /* [CP] Embed Pods Frameworks */ = {
			isa = PBXShellScriptBuildPhase;
			buildActionMask = 2147483647;
			files = (
			);
			inputFileListPaths = (
				"${PODS_ROOT}/Target Support Files/Pods-Tipsy_teller/Pods-Tipsy_teller-frameworks-${CONFIGURATION}-input-files.xcfilelist",
			);
			name = "[CP] Embed Pods Frameworks";
			outputFileListPaths = (
				"${PODS_ROOT}/Target Support Files/Pods-Tipsy_teller/Pods-Tipsy_teller-frameworks-${CONFIGURATION}-output-files.xcfilelist",
			);
			runOnlyForDeploymentPostprocessing = 0;
			shellPath = /bin/sh;
			shellScript = "\"${PODS_ROOT}/Target Support Files/Pods-Tipsy_teller/Pods-Tipsy_teller-frameworks.sh\"\n";
			showEnvVarsInLog = 0;
		};
		79CB8EA2145BD7F3F3F97234 /* [CP] Check Pods Manifest.lock */ = {
			isa = PBXShellScriptBuildPhase;
			buildActionMask = 2147483647;
			files = (
			);
			inputFileListPaths = (
			);
			inputPaths = (
				"${PODS_PODFILE_DIR_PATH}/Podfile.lock",
				"${PODS_ROOT}/Manifest.lock",
			);
			name = "[CP] Check Pods Manifest.lock";
			outputFileListPaths = (
			);
			outputPaths = (
				"$(DERIVED_FILE_DIR)/Pods-Tipsy_tellerTests-checkManifestLockResult.txt",
			);
			runOnlyForDeploymentPostprocessing = 0;
			shellPath = /bin/sh;
			shellScript = "diff \"${PODS_PODFILE_DIR_PATH}/Podfile.lock\" \"${PODS_ROOT}/Manifest.lock\" > /dev/null\nif [ $? != 0 ] ; then\n    # print error to STDERR\n    echo \"error: The sandbox is not in sync with the Podfile.lock. Run 'pod install' or update your CocoaPods installation.\" >&2\n    exit 1\nfi\n# This output is used by Xcode 'outputs' to avoid re-running this script phase.\necho \"SUCCESS\" > \"${SCRIPT_OUTPUT_FILE_0}\"\n";
			showEnvVarsInLog = 0;
		};
		B027B21AB99077B2860DB7EA /* [CP] Check Pods Manifest.lock */ = {
			isa = PBXShellScriptBuildPhase;
			buildActionMask = 2147483647;
			files = (
			);
			inputFileListPaths = (
			);
			inputPaths = (
				"${PODS_PODFILE_DIR_PATH}/Podfile.lock",
				"${PODS_ROOT}/Manifest.lock",
			);
			name = "[CP] Check Pods Manifest.lock";
			outputFileListPaths = (
			);
			outputPaths = (
				"$(DERIVED_FILE_DIR)/Pods-Tipsy_teller-checkManifestLockResult.txt",
			);
			runOnlyForDeploymentPostprocessing = 0;
			shellPath = /bin/sh;
			shellScript = "diff \"${PODS_PODFILE_DIR_PATH}/Podfile.lock\" \"${PODS_ROOT}/Manifest.lock\" > /dev/null\nif [ $? != 0 ] ; then\n    # print error to STDERR\n    echo \"error: The sandbox is not in sync with the Podfile.lock. Run 'pod install' or update your CocoaPods installation.\" >&2\n    exit 1\nfi\n# This output is used by Xcode 'outputs' to avoid re-running this script phase.\necho \"SUCCESS\" > \"${SCRIPT_OUTPUT_FILE_0}\"\n";
			showEnvVarsInLog = 0;
		};
		D1AD359D8D584CB3763D3971 /* [CP] Embed Pods Frameworks */ = {
			isa = PBXShellScriptBuildPhase;
			buildActionMask = 2147483647;
			files = (
			);
			inputFileListPaths = (
				"${PODS_ROOT}/Target Support Files/Pods-Tipsy_teller-Tipsy_tellerUITests/Pods-Tipsy_teller-Tipsy_tellerUITests-frameworks-${CONFIGURATION}-input-files.xcfilelist",
			);
			name = "[CP] Embed Pods Frameworks";
			outputFileListPaths = (
				"${PODS_ROOT}/Target Support Files/Pods-Tipsy_teller-Tipsy_tellerUITests/Pods-Tipsy_teller-Tipsy_tellerUITests-frameworks-${CONFIGURATION}-output-files.xcfilelist",
			);
			runOnlyForDeploymentPostprocessing = 0;
			shellPath = /bin/sh;
			shellScript = "\"${PODS_ROOT}/Target Support Files/Pods-Tipsy_teller-Tipsy_tellerUITests/Pods-Tipsy_teller-Tipsy_tellerUITests-frameworks.sh\"\n";
			showEnvVarsInLog = 0;
		};
		E8507EF5237199619B96D7F8 /* [CP] Embed Pods Frameworks */ = {
			isa = PBXShellScriptBuildPhase;
			buildActionMask = 2147483647;
			files = (
			);
			inputFileListPaths = (
				"${PODS_ROOT}/Target Support Files/Pods-Tipsy_tellerTests/Pods-Tipsy_tellerTests-frameworks-${CONFIGURATION}-input-files.xcfilelist",
			);
			name = "[CP] Embed Pods Frameworks";
			outputFileListPaths = (
				"${PODS_ROOT}/Target Support Files/Pods-Tipsy_tellerTests/Pods-Tipsy_tellerTests-frameworks-${CONFIGURATION}-output-files.xcfilelist",
			);
			runOnlyForDeploymentPostprocessing = 0;
			shellPath = /bin/sh;
			shellScript = "\"${PODS_ROOT}/Target Support Files/Pods-Tipsy_tellerTests/Pods-Tipsy_tellerTests-frameworks.sh\"\n";
			showEnvVarsInLog = 0;
		};
/* End PBXShellScriptBuildPhase section */

/* Begin PBXSourcesBuildPhase section */
		EC1B12162799ED260057D162 /* Sources */ = {
			isa = PBXSourcesBuildPhase;
			buildActionMask = 2147483647;
			files = (
				EC1B12602799EF060057D162 /* AppDelegate.swift in Sources */,
				EC1B125E2799EF060057D162 /* ViewController.swift in Sources */,
				EC1B125D2799EF060057D162 /* DrinkViewController.swift in Sources */,
				EC1B125F2799EF060057D162 /* SceneDelegate.swift in Sources */,
			);
			runOnlyForDeploymentPostprocessing = 0;
		};
		EC1B122C2799ED2A0057D162 /* Sources */ = {
			isa = PBXSourcesBuildPhase;
			buildActionMask = 2147483647;
			files = (
				EC1B12352799ED2A0057D162 /* Tipsy_tellerTests.swift in Sources */,
			);
			runOnlyForDeploymentPostprocessing = 0;
		};
		EC1B12362799ED2A0057D162 /* Sources */ = {
			isa = PBXSourcesBuildPhase;
			buildActionMask = 2147483647;
			files = (
				EC1B12412799ED2A0057D162 /* Tipsy_tellerUITestsLaunchTests.swift in Sources */,
				EC1B123F2799ED2A0057D162 /* Tipsy_tellerUITests.swift in Sources */,
			);
			runOnlyForDeploymentPostprocessing = 0;
		};
/* End PBXSourcesBuildPhase section */

/* Begin PBXTargetDependency section */
		EC1B12322799ED2A0057D162 /* PBXTargetDependency */ = {
			isa = PBXTargetDependency;
			target = EC1B12192799ED260057D162 /* Tipsy_teller */;
			targetProxy = EC1B12312799ED2A0057D162 /* PBXContainerItemProxy */;
		};
		EC1B123C2799ED2A0057D162 /* PBXTargetDependency */ = {
			isa = PBXTargetDependency;
			target = EC1B12192799ED260057D162 /* Tipsy_teller */;
			targetProxy = EC1B123B2799ED2A0057D162 /* PBXContainerItemProxy */;
		};
/* End PBXTargetDependency section */

/* Begin PBXVariantGroup section */
		EC1B12282799ED290057D162 /* LaunchScreen.storyboard */ = {
			isa = PBXVariantGroup;
			children = (
				EC1B12292799ED290057D162 /* Base */,
			);
			name = LaunchScreen.storyboard;
			sourceTree = "<group>";
		};
/* End PBXVariantGroup section */

/* Begin XCBuildConfiguration section */
		EC1B12422799ED2A0057D162 /* Debug */ = {
			isa = XCBuildConfiguration;
			buildSettings = {
				ALWAYS_SEARCH_USER_PATHS = NO;
				CLANG_ANALYZER_NONNULL = YES;
				CLANG_ANALYZER_NUMBER_OBJECT_CONVERSION = YES_AGGRESSIVE;
				CLANG_CXX_LANGUAGE_STANDARD = "gnu++17";
				CLANG_CXX_LIBRARY = "libc++";
				CLANG_ENABLE_MODULES = YES;
				CLANG_ENABLE_OBJC_ARC = YES;
				CLANG_ENABLE_OBJC_WEAK = YES;
				CLANG_WARN_BLOCK_CAPTURE_AUTORELEASING = YES;
				CLANG_WARN_BOOL_CONVERSION = YES;
				CLANG_WARN_COMMA = YES;
				CLANG_WARN_CONSTANT_CONVERSION = YES;
				CLANG_WARN_DEPRECATED_OBJC_IMPLEMENTATIONS = YES;
				CLANG_WARN_DIRECT_OBJC_ISA_USAGE = YES_ERROR;
				CLANG_WARN_DOCUMENTATION_COMMENTS = YES;
				CLANG_WARN_EMPTY_BODY = YES;
				CLANG_WARN_ENUM_CONVERSION = YES;
				CLANG_WARN_INFINITE_RECURSION = YES;
				CLANG_WARN_INT_CONVERSION = YES;
				CLANG_WARN_NON_LITERAL_NULL_CONVERSION = YES;
				CLANG_WARN_OBJC_IMPLICIT_RETAIN_SELF = YES;
				CLANG_WARN_OBJC_LITERAL_CONVERSION = YES;
				CLANG_WARN_OBJC_ROOT_CLASS = YES_ERROR;
				CLANG_WARN_QUOTED_INCLUDE_IN_FRAMEWORK_HEADER = YES;
				CLANG_WARN_RANGE_LOOP_ANALYSIS = YES;
				CLANG_WARN_STRICT_PROTOTYPES = YES;
				CLANG_WARN_SUSPICIOUS_MOVE = YES;
				CLANG_WARN_UNGUARDED_AVAILABILITY = YES_AGGRESSIVE;
				CLANG_WARN_UNREACHABLE_CODE = YES;
				CLANG_WARN__DUPLICATE_METHOD_MATCH = YES;
				COPY_PHASE_STRIP = NO;
				DEBUG_INFORMATION_FORMAT = dwarf;
				ENABLE_STRICT_OBJC_MSGSEND = YES;
				ENABLE_TESTABILITY = YES;
				GCC_C_LANGUAGE_STANDARD = gnu11;
				GCC_DYNAMIC_NO_PIC = NO;
				GCC_NO_COMMON_BLOCKS = YES;
				GCC_OPTIMIZATION_LEVEL = 0;
				GCC_PREPROCESSOR_DEFINITIONS = (
					"DEBUG=1",
					"$(inherited)",
				);
				GCC_WARN_64_TO_32_BIT_CONVERSION = YES;
				GCC_WARN_ABOUT_RETURN_TYPE = YES_ERROR;
				GCC_WARN_UNDECLARED_SELECTOR = YES;
				GCC_WARN_UNINITIALIZED_AUTOS = YES_AGGRESSIVE;
				GCC_WARN_UNUSED_FUNCTION = YES;
				GCC_WARN_UNUSED_VARIABLE = YES;
				IPHONEOS_DEPLOYMENT_TARGET = 15.0;
				MTL_ENABLE_DEBUG_INFO = INCLUDE_SOURCE;
				MTL_FAST_MATH = YES;
				ONLY_ACTIVE_ARCH = YES;
				SDKROOT = iphoneos;
				SWIFT_ACTIVE_COMPILATION_CONDITIONS = DEBUG;
				SWIFT_OPTIMIZATION_LEVEL = "-Onone";
			};
			name = Debug;
		};
		EC1B12432799ED2A0057D162 /* Release */ = {
			isa = XCBuildConfiguration;
			buildSettings = {
				ALWAYS_SEARCH_USER_PATHS = NO;
				CLANG_ANALYZER_NONNULL = YES;
				CLANG_ANALYZER_NUMBER_OBJECT_CONVERSION = YES_AGGRESSIVE;
				CLANG_CXX_LANGUAGE_STANDARD = "gnu++17";
				CLANG_CXX_LIBRARY = "libc++";
				CLANG_ENABLE_MODULES = YES;
				CLANG_ENABLE_OBJC_ARC = YES;
				CLANG_ENABLE_OBJC_WEAK = YES;
				CLANG_WARN_BLOCK_CAPTURE_AUTORELEASING = YES;
				CLANG_WARN_BOOL_CONVERSION = YES;
				CLANG_WARN_COMMA = YES;
				CLANG_WARN_CONSTANT_CONVERSION = YES;
				CLANG_WARN_DEPRECATED_OBJC_IMPLEMENTATIONS = YES;
				CLANG_WARN_DIRECT_OBJC_ISA_USAGE = YES_ERROR;
				CLANG_WARN_DOCUMENTATION_COMMENTS = YES;
				CLANG_WARN_EMPTY_BODY = YES;
				CLANG_WARN_ENUM_CONVERSION = YES;
				CLANG_WARN_INFINITE_RECURSION = YES;
				CLANG_WARN_INT_CONVERSION = YES;
				CLANG_WARN_NON_LITERAL_NULL_CONVERSION = YES;
				CLANG_WARN_OBJC_IMPLICIT_RETAIN_SELF = YES;
				CLANG_WARN_OBJC_LITERAL_CONVERSION = YES;
				CLANG_WARN_OBJC_ROOT_CLASS = YES_ERROR;
				CLANG_WARN_QUOTED_INCLUDE_IN_FRAMEWORK_HEADER = YES;
				CLANG_WARN_RANGE_LOOP_ANALYSIS = YES;
				CLANG_WARN_STRICT_PROTOTYPES = YES;
				CLANG_WARN_SUSPICIOUS_MOVE = YES;
				CLANG_WARN_UNGUARDED_AVAILABILITY = YES_AGGRESSIVE;
				CLANG_WARN_UNREACHABLE_CODE = YES;
				CLANG_WARN__DUPLICATE_METHOD_MATCH = YES;
				COPY_PHASE_STRIP = NO;
				DEBUG_INFORMATION_FORMAT = "dwarf-with-dsym";
				ENABLE_NS_ASSERTIONS = NO;
				ENABLE_STRICT_OBJC_MSGSEND = YES;
				GCC_C_LANGUAGE_STANDARD = gnu11;
				GCC_NO_COMMON_BLOCKS = YES;
				GCC_WARN_64_TO_32_BIT_CONVERSION = YES;
				GCC_WARN_ABOUT_RETURN_TYPE = YES_ERROR;
				GCC_WARN_UNDECLARED_SELECTOR = YES;
				GCC_WARN_UNINITIALIZED_AUTOS = YES_AGGRESSIVE;
				GCC_WARN_UNUSED_FUNCTION = YES;
				GCC_WARN_UNUSED_VARIABLE = YES;
				IPHONEOS_DEPLOYMENT_TARGET = 15.0;
				MTL_ENABLE_DEBUG_INFO = NO;
				MTL_FAST_MATH = YES;
				SDKROOT = iphoneos;
				SWIFT_COMPILATION_MODE = wholemodule;
				SWIFT_OPTIMIZATION_LEVEL = "-O";
				VALIDATE_PRODUCT = YES;
			};
			name = Release;
		};
		EC1B12452799ED2A0057D162 /* Debug */ = {
			isa = XCBuildConfiguration;
			baseConfigurationReference = 20206E0E0A18B3553741A122 /* Pods-Tipsy_teller.debug.xcconfig */;
			buildSettings = {
				ASSETCATALOG_COMPILER_APPICON_NAME = AppIcon;
				ASSETCATALOG_COMPILER_GLOBAL_ACCENT_COLOR_NAME = AccentColor;
				CLANG_ENABLE_MODULES = YES;
				CODE_SIGN_STYLE = Automatic;
				CURRENT_PROJECT_VERSION = 1;
				DEVELOPMENT_TEAM = UFL58TXUUH;
				GENERATE_INFOPLIST_FILE = YES;
				INFOPLIST_FILE = Tipsy_teller/Info.plist;
				INFOPLIST_KEY_UIApplicationSupportsIndirectInputEvents = YES;
				INFOPLIST_KEY_UILaunchStoryboardName = LaunchScreen;
				INFOPLIST_KEY_UIMainStoryboardFile = Main;
				INFOPLIST_KEY_UISupportedInterfaceOrientations_iPad = "UIInterfaceOrientationPortrait UIInterfaceOrientationPortraitUpsideDown UIInterfaceOrientationLandscapeLeft UIInterfaceOrientationLandscapeRight";
				INFOPLIST_KEY_UISupportedInterfaceOrientations_iPhone = "UIInterfaceOrientationPortrait UIInterfaceOrientationLandscapeLeft UIInterfaceOrientationLandscapeRight";
				LD_RUNPATH_SEARCH_PATHS = (
					"$(inherited)",
					"@executable_path/Frameworks",
				);
				MARKETING_VERSION = 1.0;
				PRODUCT_BUNDLE_IDENTIFIER = "Stephanie-Wiener.Tipsy-teller";
				PRODUCT_NAME = "$(TARGET_NAME)";
				SWIFT_EMIT_LOC_STRINGS = YES;
				SWIFT_OPTIMIZATION_LEVEL = "-Onone";
				SWIFT_VERSION = 5.0;
				TARGETED_DEVICE_FAMILY = "1,2";
			};
			name = Debug;
		};
		EC1B12462799ED2A0057D162 /* Release */ = {
			isa = XCBuildConfiguration;
			baseConfigurationReference = 63980AF201E2C548CBA7D9B9 /* Pods-Tipsy_teller.release.xcconfig */;
			buildSettings = {
				ASSETCATALOG_COMPILER_APPICON_NAME = AppIcon;
				ASSETCATALOG_COMPILER_GLOBAL_ACCENT_COLOR_NAME = AccentColor;
				CLANG_ENABLE_MODULES = YES;
				CODE_SIGN_STYLE = Automatic;
				CURRENT_PROJECT_VERSION = 1;
				DEVELOPMENT_TEAM = UFL58TXUUH;
				GENERATE_INFOPLIST_FILE = YES;
				INFOPLIST_FILE = Tipsy_teller/Info.plist;
				INFOPLIST_KEY_UIApplicationSupportsIndirectInputEvents = YES;
				INFOPLIST_KEY_UILaunchStoryboardName = LaunchScreen;
				INFOPLIST_KEY_UIMainStoryboardFile = Main;
				INFOPLIST_KEY_UISupportedInterfaceOrientations_iPad = "UIInterfaceOrientationPortrait UIInterfaceOrientationPortraitUpsideDown UIInterfaceOrientationLandscapeLeft UIInterfaceOrientationLandscapeRight";
				INFOPLIST_KEY_UISupportedInterfaceOrientations_iPhone = "UIInterfaceOrientationPortrait UIInterfaceOrientationLandscapeLeft UIInterfaceOrientationLandscapeRight";
				LD_RUNPATH_SEARCH_PATHS = (
					"$(inherited)",
					"@executable_path/Frameworks",
				);
				MARKETING_VERSION = 1.0;
				PRODUCT_BUNDLE_IDENTIFIER = "Stephanie-Wiener.Tipsy-teller";
				PRODUCT_NAME = "$(TARGET_NAME)";
				SWIFT_EMIT_LOC_STRINGS = YES;
				SWIFT_VERSION = 5.0;
				TARGETED_DEVICE_FAMILY = "1,2";
			};
			name = Release;
		};
		EC1B12482799ED2A0057D162 /* Debug */ = {
			isa = XCBuildConfiguration;
			baseConfigurationReference = 70696E6EDAE8C626861ACFB5 /* Pods-Tipsy_tellerTests.debug.xcconfig */;
			buildSettings = {
				ALWAYS_EMBED_SWIFT_STANDARD_LIBRARIES = YES;
				BUNDLE_LOADER = "$(TEST_HOST)";
				CODE_SIGN_STYLE = Automatic;
				CURRENT_PROJECT_VERSION = 1;
				DEVELOPMENT_TEAM = UFL58TXUUH;
				GENERATE_INFOPLIST_FILE = YES;
				IPHONEOS_DEPLOYMENT_TARGET = 15.0;
				LD_RUNPATH_SEARCH_PATHS = (
					"$(inherited)",
					"@executable_path/Frameworks",
					"@loader_path/Frameworks",
				);
				MARKETING_VERSION = 1.0;
				PRODUCT_BUNDLE_IDENTIFIER = "Stephanie-Wiener.Tipsy-tellerTests";
				PRODUCT_NAME = "$(TARGET_NAME)";
				SWIFT_EMIT_LOC_STRINGS = NO;
				SWIFT_VERSION = 5.0;
				TARGETED_DEVICE_FAMILY = "1,2";
				TEST_HOST = "$(BUILT_PRODUCTS_DIR)/Tipsy_teller.app/Tipsy_teller";
			};
			name = Debug;
		};
		EC1B12492799ED2A0057D162 /* Release */ = {
			isa = XCBuildConfiguration;
			baseConfigurationReference = 00DFC21942F2EAC8965A97D7 /* Pods-Tipsy_tellerTests.release.xcconfig */;
			buildSettings = {
				ALWAYS_EMBED_SWIFT_STANDARD_LIBRARIES = YES;
				BUNDLE_LOADER = "$(TEST_HOST)";
				CODE_SIGN_STYLE = Automatic;
				CURRENT_PROJECT_VERSION = 1;
				DEVELOPMENT_TEAM = UFL58TXUUH;
				GENERATE_INFOPLIST_FILE = YES;
				IPHONEOS_DEPLOYMENT_TARGET = 15.0;
				LD_RUNPATH_SEARCH_PATHS = (
					"$(inherited)",
					"@executable_path/Frameworks",
					"@loader_path/Frameworks",
				);
				MARKETING_VERSION = 1.0;
				PRODUCT_BUNDLE_IDENTIFIER = "Stephanie-Wiener.Tipsy-tellerTests";
				PRODUCT_NAME = "$(TARGET_NAME)";
				SWIFT_EMIT_LOC_STRINGS = NO;
				SWIFT_VERSION = 5.0;
				TARGETED_DEVICE_FAMILY = "1,2";
				TEST_HOST = "$(BUILT_PRODUCTS_DIR)/Tipsy_teller.app/Tipsy_teller";
			};
			name = Release;
		};
		EC1B124B2799ED2A0057D162 /* Debug */ = {
			isa = XCBuildConfiguration;
			baseConfigurationReference = 0F6359CC7509AFF6B1E129CA /* Pods-Tipsy_teller-Tipsy_tellerUITests.debug.xcconfig */;
			buildSettings = {
				ALWAYS_EMBED_SWIFT_STANDARD_LIBRARIES = YES;
				CODE_SIGN_STYLE = Automatic;
				CURRENT_PROJECT_VERSION = 1;
				DEVELOPMENT_TEAM = UFL58TXUUH;
				GENERATE_INFOPLIST_FILE = YES;
				LD_RUNPATH_SEARCH_PATHS = (
					"$(inherited)",
					"@executable_path/Frameworks",
					"@loader_path/Frameworks",
				);
				MARKETING_VERSION = 1.0;
				PRODUCT_BUNDLE_IDENTIFIER = "Stephanie-Wiener.Tipsy-tellerUITests";
				PRODUCT_NAME = "$(TARGET_NAME)";
				SWIFT_EMIT_LOC_STRINGS = NO;
				SWIFT_VERSION = 5.0;
				TARGETED_DEVICE_FAMILY = "1,2";
				TEST_TARGET_NAME = Tipsy_teller;
			};
			name = Debug;
		};
		EC1B124C2799ED2A0057D162 /* Release */ = {
			isa = XCBuildConfiguration;
			baseConfigurationReference = 47354768C427A44655D86353 /* Pods-Tipsy_teller-Tipsy_tellerUITests.release.xcconfig */;
			buildSettings = {
				ALWAYS_EMBED_SWIFT_STANDARD_LIBRARIES = YES;
				CODE_SIGN_STYLE = Automatic;
				CURRENT_PROJECT_VERSION = 1;
				DEVELOPMENT_TEAM = UFL58TXUUH;
				GENERATE_INFOPLIST_FILE = YES;
				LD_RUNPATH_SEARCH_PATHS = (
					"$(inherited)",
					"@executable_path/Frameworks",
					"@loader_path/Frameworks",
				);
				MARKETING_VERSION = 1.0;
				PRODUCT_BUNDLE_IDENTIFIER = "Stephanie-Wiener.Tipsy-tellerUITests";
				PRODUCT_NAME = "$(TARGET_NAME)";
				SWIFT_EMIT_LOC_STRINGS = NO;
				SWIFT_VERSION = 5.0;
				TARGETED_DEVICE_FAMILY = "1,2";
				TEST_TARGET_NAME = Tipsy_teller;
			};
			name = Release;
		};
/* End XCBuildConfiguration section */

/* Begin XCConfigurationList section */
		EC1B12152799ED260057D162 /* Build configuration list for PBXProject "Tipsy_teller" */ = {
			isa = XCConfigurationList;
			buildConfigurations = (
				EC1B12422799ED2A0057D162 /* Debug */,
				EC1B12432799ED2A0057D162 /* Release */,
			);
			defaultConfigurationIsVisible = 0;
			defaultConfigurationName = Release;
		};
		EC1B12442799ED2A0057D162 /* Build configuration list for PBXNativeTarget "Tipsy_teller" */ = {
			isa = XCConfigurationList;
			buildConfigurations = (
				EC1B12452799ED2A0057D162 /* Debug */,
				EC1B12462799ED2A0057D162 /* Release */,
			);
			defaultConfigurationIsVisible = 0;
			defaultConfigurationName = Release;
		};
		EC1B12472799ED2A0057D162 /* Build configuration list for PBXNativeTarget "Tipsy_tellerTests" */ = {
			isa = XCConfigurationList;
			buildConfigurations = (
				EC1B12482799ED2A0057D162 /* Debug */,
				EC1B12492799ED2A0057D162 /* Release */,
			);
			defaultConfigurationIsVisible = 0;
			defaultConfigurationName = Release;
		};
		EC1B124A2799ED2A0057D162 /* Build configuration list for PBXNativeTarget "Tipsy_tellerUITests" */ = {
			isa = XCConfigurationList;
			buildConfigurations = (
				EC1B124B2799ED2A0057D162 /* Debug */,
				EC1B124C2799ED2A0057D162 /* Release */,
			);
			defaultConfigurationIsVisible = 0;
			defaultConfigurationName = Release;
		};
/* End XCConfigurationList section */
	};
	rootObject = EC1B12122799ED260057D162 /* Project object */;
}
